
Microsoft Visual Studio Solution File, Format Version 12.00
# Visual Studio Version 16
VisualStudioVersion = 16.0.31613.86
MinimumVisualStudioVersion = 10.0.40219.1
Project("{9A19103F-16F7-4668-BE54-9A1E7A4F7556}") = "React.Poker.DataModel", "React.Poker.Models\React.Poker.DataModel.csproj", "{BDADE25C-4BAE-4354-B172-533355387706}"
EndProject
Project("{9A19103F-16F7-4668-BE54-9A1E7A4F7556}") = "React.Poker.API", "React.Poker.API\React.Poker.API.csproj", "{C28A1973-EF0E-40EC-B9A4-FAFE40E1AEA3}"
EndProject
Project("{9A19103F-16F7-4668-BE54-9A1E7A4F7556}") = "React.Poker.ApplicationCore", "React.Poker.ApplicationCore\React.Poker.ApplicationCore.csproj", "{21C3D34B-EDAF-4A66-84D8-8AB7E4218D3D}"
EndProject
Project("{FAE04EC0-301F-11D3-BF4B-00C04F79EFBC}") = "React.Poker.Common", "React.Poker.Common\React.Poker.Common.csproj", "{84BADDCA-6338-4ED1-92C7-2B93D3C36BF6}"
EndProject
Global
	GlobalSection(SolutionConfigurationPlatforms) = preSolution
		Debug|Any CPU = Debug|Any CPU
		Release|Any CPU = Release|Any CPU
	EndGlobalSection
	GlobalSection(ProjectConfigurationPlatforms) = postSolution
		{BDADE25C-4BAE-4354-B172-533355387706}.Debug|Any CPU.ActiveCfg = Debug|Any CPU
		{BDADE25C-4BAE-4354-B172-533355387706}.Debug|Any CPU.Build.0 = Debug|Any CPU
		{BDADE25C-4BAE-4354-B172-533355387706}.Release|Any CPU.ActiveCfg = Release|Any CPU
		{BDADE25C-4BAE-4354-B172-533355387706}.Release|Any CPU.Build.0 = Release|Any CPU
		{C28A1973-EF0E-40EC-B9A4-FAFE40E1AEA3}.Debug|Any CPU.ActiveCfg = Debug|Any CPU
		{C28A1973-EF0E-40EC-B9A4-FAFE40E1AEA3}.Debug|Any CPU.Build.0 = Debug|Any CPU
		{C28A1973-EF0E-40EC-B9A4-FAFE40E1AEA3}.Release|Any CPU.ActiveCfg = Release|Any CPU
		{C28A1973-EF0E-40EC-B9A4-FAFE40E1AEA3}.Release|Any CPU.Build.0 = Release|Any CPU
		{21C3D34B-EDAF-4A66-84D8-8AB7E4218D3D}.Debug|Any CPU.ActiveCfg = Debug|Any CPU
		{21C3D34B-EDAF-4A66-84D8-8AB7E4218D3D}.Debug|Any CPU.Build.0 = Debug|Any CPU
		{21C3D34B-EDAF-4A66-84D8-8AB7E4218D3D}.Release|Any CPU.ActiveCfg = Release|Any CPU
		{21C3D34B-EDAF-4A66-84D8-8AB7E4218D3D}.Release|Any CPU.Build.0 = Release|Any CPU
		{84BADDCA-6338-4ED1-92C7-2B93D3C36BF6}.Debug|Any CPU.ActiveCfg = Debug|Any CPU
		{84BADDCA-6338-4ED1-92C7-2B93D3C36BF6}.Debug|Any CPU.Build.0 = Debug|Any CPU
		{84BADDCA-6338-4ED1-92C7-2B93D3C36BF6}.Release|Any CPU.ActiveCfg = Release|Any CPU
		{84BADDCA-6338-4ED1-92C7-2B93D3C36BF6}.Release|Any CPU.Build.0 = Release|Any CPU
	EndGlobalSection
	GlobalSection(SolutionProperties) = preSolution
		HideSolutionNode = FALSE
	EndGlobalSection
	GlobalSection(ExtensibilityGlobals) = postSolution
		SolutionGuid = {CD6BFBBF-DD7B-4975-AB14-3DE7D4179F96}
	EndGlobalSection
EndGlobal
